
Microsoft Visual Studio Solution File, Format Version 12.00
# Visual Studio 14
VisualStudioVersion = 14.0.22310.1
MinimumVisualStudioVersion = 10.0.40219.1
Project("{FAE04EC0-301F-11D3-BF4B-00C04F79EFBC}") = "Modeo2", "Modeo2\Modeo2.csproj", "{2AF9F901-0038-49AF-87CB-80DE42891296}"
EndProject
Project("{FAE04EC0-301F-11D3-BF4B-00C04F79EFBC}") = "Console", "Console\Console.csproj", "{EC281527-D175-4F66-BC78-9C4B85779265}"
EndProject
Global
	GlobalSection(SolutionConfigurationPlatforms) = preSolution
		Debug|Any CPU = Debug|Any CPU
		Release|Any CPU = Release|Any CPU
	EndGlobalSection
	GlobalSection(ProjectConfigurationPlatforms) = postSolution
		{2AF9F901-0038-49AF-87CB-80DE42891296}.Debug|Any CPU.ActiveCfg = Debug|Any CPU
		{2AF9F901-0038-49AF-87CB-80DE42891296}.Debug|Any CPU.Build.0 = Debug|Any CPU
		{2AF9F901-0038-49AF-87CB-80DE42891296}.Release|Any CPU.ActiveCfg = Release|Any CPU
		{2AF9F901-0038-49AF-87CB-80DE42891296}.Release|Any CPU.Build.0 = Release|Any CPU
		{EC281527-D175-4F66-BC78-9C4B85779265}.Debug|Any CPU.ActiveCfg = Debug|Any CPU
		{EC281527-D175-4F66-BC78-9C4B85779265}.Debug|Any CPU.Build.0 = Debug|Any CPU
		{EC281527-D175-4F66-BC78-9C4B85779265}.Release|Any CPU.ActiveCfg = Release|Any CPU
		{EC281527-D175-4F66-BC78-9C4B85779265}.Release|Any CPU.Build.0 = Release|Any CPU
	EndGlobalSection
	GlobalSection(SolutionProperties) = preSolution
		HideSolutionNode = FALSE
	EndGlobalSection
EndGlobal
